
Microsoft Visual Studio Solution File, Format Version 12.00
# Visual Studio Version 16
VisualStudioVersion = 16.0.30907.101
MinimumVisualStudioVersion = 10.0.40219.1
Project("{8BC9CEB8-8B4A-11D0-8D11-00A0C91BC942}") = "16", "02\02.vcxproj", "{DE328FB3-3C71-40AB-8688-098DD074FB58}"
EndProject
Project("{8BC9CEB8-8B4A-11D0-8D11-00A0C91BC942}") = "17", "17\17.vcxproj", "{31665ADB-9E53-4043-A623-A9AB8861EECB}"
EndProject
Project("{8BC9CEB8-8B4A-11D0-8D11-00A0C91BC942}") = "18", "18\18.vcxproj", "{EA0B02E4-73DF-4629-8BE5-FCB4CC2E7FD4}"
EndProject
Project("{8BC9CEB8-8B4A-11D0-8D11-00A0C91BC942}") = "19", "19\19.vcxproj", "{0A34BB64-8107-4FF8-B2E2-665A9551BDFB}"
EndProject
Project("{8BC9CEB8-8B4A-11D0-8D11-00A0C91BC942}") = "Q2-01-15", "Q2-01-15\Q2-01-15.vcxproj", "{1BB6CB7E-C001-4B35-B7CE-CADD97C1B901}"
EndProject
Global
	GlobalSection(SolutionConfigurationPlatforms) = preSolution
		Debug|x64 = Debug|x64
		Debug|x86 = Debug|x86
		Release|x64 = Release|x64
		Release|x86 = Release|x86
	EndGlobalSection
	GlobalSection(ProjectConfigurationPlatforms) = postSolution
		{DE328FB3-3C71-40AB-8688-098DD074FB58}.Debug|x64.ActiveCfg = Debug|x64
		{DE328FB3-3C71-40AB-8688-098DD074FB58}.Debug|x64.Build.0 = Debug|x64
		{DE328FB3-3C71-40AB-8688-098DD074FB58}.Debug|x86.ActiveCfg = Debug|Win32
		{DE328FB3-3C71-40AB-8688-098DD074FB58}.Debug|x86.Build.0 = Debug|Win32
		{DE328FB3-3C71-40AB-8688-098DD074FB58}.Release|x64.ActiveCfg = Release|x64
		{DE328FB3-3C71-40AB-8688-098DD074FB58}.Release|x64.Build.0 = Release|x64
		{DE328FB3-3C71-40AB-8688-098DD074FB58}.Release|x86.ActiveCfg = Release|Win32
		{DE328FB3-3C71-40AB-8688-098DD074FB58}.Release|x86.Build.0 = Release|Win32
		{31665ADB-9E53-4043-A623-A9AB8861EECB}.Debug|x64.ActiveCfg = Debug|x64
		{31665ADB-9E53-4043-A623-A9AB8861EECB}.Debug|x64.Build.0 = Debug|x64
		{31665ADB-9E53-4043-A623-A9AB8861EECB}.Debug|x86.ActiveCfg = Debug|Win32
		{31665ADB-9E53-4043-A623-A9AB8861EECB}.Debug|x86.Build.0 = Debug|Win32
		{31665ADB-9E53-4043-A623-A9AB8861EECB}.Release|x64.ActiveCfg = Release|x64
		{31665ADB-9E53-4043-A623-A9AB8861EECB}.Release|x64.Build.0 = Release|x64
		{31665ADB-9E53-4043-A623-A9AB8861EECB}.Release|x86.ActiveCfg = Release|Win32
		{31665ADB-9E53-4043-A623-A9AB8861EECB}.Release|x86.Build.0 = Release|Win32
		{EA0B02E4-73DF-4629-8BE5-FCB4CC2E7FD4}.Debug|x64.ActiveCfg = Debug|x64
		{EA0B02E4-73DF-4629-8BE5-FCB4CC2E7FD4}.Debug|x64.Build.0 = Debug|x64
		{EA0B02E4-73DF-4629-8BE5-FCB4CC2E7FD4}.Debug|x86.ActiveCfg = Debug|Win32
		{EA0B02E4-73DF-4629-8BE5-FCB4CC2E7FD4}.Debug|x86.Build.0 = Debug|Win32
		{EA0B02E4-73DF-4629-8BE5-FCB4CC2E7FD4}.Release|x64.ActiveCfg = Release|x64
		{EA0B02E4-73DF-4629-8BE5-FCB4CC2E7FD4}.Release|x64.Build.0 = Release|x64
		{EA0B02E4-73DF-4629-8BE5-FCB4CC2E7FD4}.Release|x86.ActiveCfg = Release|Win32
		{EA0B02E4-73DF-4629-8BE5-FCB4CC2E7FD4}.Release|x86.Build.0 = Release|Win32
		{0A34BB64-8107-4FF8-B2E2-665A9551BDFB}.Debug|x64.ActiveCfg = Debug|x64
		{0A34BB64-8107-4FF8-B2E2-665A9551BDFB}.Debug|x64.Build.0 = Debug|x64
		{0A34BB64-8107-4FF8-B2E2-665A9551BDFB}.Debug|x86.ActiveCfg = Debug|Win32
		{0A34BB64-8107-4FF8-B2E2-665A9551BDFB}.Debug|x86.Build.0 = Debug|Win32
		{0A34BB64-8107-4FF8-B2E2-665A9551BDFB}.Release|x64.ActiveCfg = Release|x64
		{0A34BB64-8107-4FF8-B2E2-665A9551BDFB}.Release|x64.Build.0 = Release|x64
		{0A34BB64-8107-4FF8-B2E2-665A9551BDFB}.Release|x86.ActiveCfg = Release|Win32
		{0A34BB64-8107-4FF8-B2E2-665A9551BDFB}.Release|x86.Build.0 = Release|Win32
		{1BB6CB7E-C001-4B35-B7CE-CADD97C1B901}.Debug|x64.ActiveCfg = Debug|x64
		{1BB6CB7E-C001-4B35-B7CE-CADD97C1B901}.Debug|x64.Build.0 = Debug|x64
		{1BB6CB7E-C001-4B35-B7CE-CADD97C1B901}.Debug|x86.ActiveCfg = Debug|Win32
		{1BB6CB7E-C001-4B35-B7CE-CADD97C1B901}.Debug|x86.Build.0 = Debug|Win32
		{1BB6CB7E-C001-4B35-B7CE-CADD97C1B901}.Release|x64.ActiveCfg = Release|x64
		{1BB6CB7E-C001-4B35-B7CE-CADD97C1B901}.Release|x64.Build.0 = Release|x64
		{1BB6CB7E-C001-4B35-B7CE-CADD97C1B901}.Release|x86.ActiveCfg = Release|Win32
		{1BB6CB7E-C001-4B35-B7CE-CADD97C1B901}.Release|x86.Build.0 = Release|Win32
	EndGlobalSection
	GlobalSection(SolutionProperties) = preSolution
		HideSolutionNode = FALSE
	EndGlobalSection
	GlobalSection(ExtensibilityGlobals) = postSolution
		SolutionGuid = {6C12D281-E82F-4AA3-9ECB-485A0F3A48FB}
	EndGlobalSection
EndGlobal
